
Microsoft Visual Studio Solution File, Format Version 12.00
# Visual Studio Version 17
VisualStudioVersion = 17.8.34511.84
MinimumVisualStudioVersion = 10.0.40219.1
Project("{9A19103F-16F7-4668-BE54-9A1E7A4F7556}") = "VivesBlog.Ui.Mvc", "VivesBlog.Ui.Mvc\VivesBlog.Ui.Mvc.csproj", "{075CA47C-CD9E-4403-BA0B-5A27819501C9}"
EndProject
Project("{9A19103F-16F7-4668-BE54-9A1E7A4F7556}") = "VivesBlog.Core", "VivesBlog.Core\VivesBlog.Core.csproj", "{E951A32E-7E8C-4A2D-A929-54B635E4127B}"
EndProject
Project("{9A19103F-16F7-4668-BE54-9A1E7A4F7556}") = "VivesBlog.Model", "VivesBlog.Model\VivesBlog.Model.csproj", "{4959D30C-693F-4889-819B-1B35EC6D1523}"
EndProject
Project("{9A19103F-16F7-4668-BE54-9A1E7A4F7556}") = "VivesBlog.Services", "VivesBlog.Services\VivesBlog.Services.csproj", "{2358C2AE-DBC7-4F06-B553-63CE9833E061}"
EndProject
Project("{FAE04EC0-301F-11D3-BF4B-00C04F79EFBC}") = "VivesBlog.Api", "VivesBlog.Api\VivesBlog.Api.csproj", "{581D6EDB-CB0E-4714-BBA0-CA2B67732EFF}"
EndProject
Project("{2150E333-8FDC-42A3-9474-1A3956D46DE8}") = "Api", "Api", "{5225075F-CDB5-4ECB-8BD9-FF3556E32903}"
EndProject
Project("{2150E333-8FDC-42A3-9474-1A3956D46DE8}") = "Services", "Services", "{C4870658-2238-4781-A0E8-054C5C43AE14}"
EndProject
Project("{FAE04EC0-301F-11D3-BF4B-00C04F79EFBC}") = "VivesBlog.Dto", "VivesBlog.Dto\VivesBlog.Dto.csproj", "{29238A00-D11B-469D-B2CD-4574E275EC9D}"
EndProject
Project("{2150E333-8FDC-42A3-9474-1A3956D46DE8}") = "Vives", "Vives", "{638F4C9C-2144-4BE2-A21C-192556FA54FF}"
EndProject
Project("{FAE04EC0-301F-11D3-BF4B-00C04F79EFBC}") = "Vives.Services.Model", "Vives.Services.Model\Vives.Services.Model.csproj", "{9C1B7420-C6EC-4CE7-9D8D-D95AC957F431}"
EndProject
Project("{FAE04EC0-301F-11D3-BF4B-00C04F79EFBC}") = "VivesBlog.Sdk", "VivesBlog.Sdk\VivesBlog.Sdk.csproj", "{B185D520-25ED-4D44-844B-7383700834DA}"
EndProject
Project("{2150E333-8FDC-42A3-9474-1A3956D46DE8}") = "Domain", "Domain", "{04AF2719-36E3-49AE-80DE-12BAC33348AD}"
EndProject
Project("{2150E333-8FDC-42A3-9474-1A3956D46DE8}") = "Ui", "Ui", "{B762DCE2-C9EF-4F24-A328-BB6C51ECE390}"
EndProject
Global
	GlobalSection(SolutionConfigurationPlatforms) = preSolution
		Debug|Any CPU = Debug|Any CPU
		Release|Any CPU = Release|Any CPU
	EndGlobalSection
	GlobalSection(ProjectConfigurationPlatforms) = postSolution
		{075CA47C-CD9E-4403-BA0B-5A27819501C9}.Debug|Any CPU.ActiveCfg = Debug|Any CPU
		{075CA47C-CD9E-4403-BA0B-5A27819501C9}.Debug|Any CPU.Build.0 = Debug|Any CPU
		{075CA47C-CD9E-4403-BA0B-5A27819501C9}.Release|Any CPU.ActiveCfg = Release|Any CPU
		{075CA47C-CD9E-4403-BA0B-5A27819501C9}.Release|Any CPU.Build.0 = Release|Any CPU
		{E951A32E-7E8C-4A2D-A929-54B635E4127B}.Debug|Any CPU.ActiveCfg = Debug|Any CPU
		{E951A32E-7E8C-4A2D-A929-54B635E4127B}.Debug|Any CPU.Build.0 = Debug|Any CPU
		{E951A32E-7E8C-4A2D-A929-54B635E4127B}.Release|Any CPU.ActiveCfg = Release|Any CPU
		{E951A32E-7E8C-4A2D-A929-54B635E4127B}.Release|Any CPU.Build.0 = Release|Any CPU
		{4959D30C-693F-4889-819B-1B35EC6D1523}.Debug|Any CPU.ActiveCfg = Debug|Any CPU
		{4959D30C-693F-4889-819B-1B35EC6D1523}.Debug|Any CPU.Build.0 = Debug|Any CPU
		{4959D30C-693F-4889-819B-1B35EC6D1523}.Release|Any CPU.ActiveCfg = Release|Any CPU
		{4959D30C-693F-4889-819B-1B35EC6D1523}.Release|Any CPU.Build.0 = Release|Any CPU
		{2358C2AE-DBC7-4F06-B553-63CE9833E061}.Debug|Any CPU.ActiveCfg = Debug|Any CPU
		{2358C2AE-DBC7-4F06-B553-63CE9833E061}.Debug|Any CPU.Build.0 = Debug|Any CPU
		{2358C2AE-DBC7-4F06-B553-63CE9833E061}.Release|Any CPU.ActiveCfg = Release|Any CPU
		{2358C2AE-DBC7-4F06-B553-63CE9833E061}.Release|Any CPU.Build.0 = Release|Any CPU
		{581D6EDB-CB0E-4714-BBA0-CA2B67732EFF}.Debug|Any CPU.ActiveCfg = Debug|Any CPU
		{581D6EDB-CB0E-4714-BBA0-CA2B67732EFF}.Debug|Any CPU.Build.0 = Debug|Any CPU
		{581D6EDB-CB0E-4714-BBA0-CA2B67732EFF}.Release|Any CPU.ActiveCfg = Release|Any CPU
		{581D6EDB-CB0E-4714-BBA0-CA2B67732EFF}.Release|Any CPU.Build.0 = Release|Any CPU
		{29238A00-D11B-469D-B2CD-4574E275EC9D}.Debug|Any CPU.ActiveCfg = Debug|Any CPU
		{29238A00-D11B-469D-B2CD-4574E275EC9D}.Debug|Any CPU.Build.0 = Debug|Any CPU
		{29238A00-D11B-469D-B2CD-4574E275EC9D}.Release|Any CPU.ActiveCfg = Release|Any CPU
		{29238A00-D11B-469D-B2CD-4574E275EC9D}.Release|Any CPU.Build.0 = Release|Any CPU
		{9C1B7420-C6EC-4CE7-9D8D-D95AC957F431}.Debug|Any CPU.ActiveCfg = Debug|Any CPU
		{9C1B7420-C6EC-4CE7-9D8D-D95AC957F431}.Debug|Any CPU.Build.0 = Debug|Any CPU
		{9C1B7420-C6EC-4CE7-9D8D-D95AC957F431}.Release|Any CPU.ActiveCfg = Release|Any CPU
		{9C1B7420-C6EC-4CE7-9D8D-D95AC957F431}.Release|Any CPU.Build.0 = Release|Any CPU
		{B185D520-25ED-4D44-844B-7383700834DA}.Debug|Any CPU.ActiveCfg = Debug|Any CPU
		{B185D520-25ED-4D44-844B-7383700834DA}.Debug|Any CPU.Build.0 = Debug|Any CPU
		{B185D520-25ED-4D44-844B-7383700834DA}.Release|Any CPU.ActiveCfg = Release|Any CPU
		{B185D520-25ED-4D44-844B-7383700834DA}.Release|Any CPU.Build.0 = Release|Any CPU
	EndGlobalSection
	GlobalSection(SolutionProperties) = preSolution
		HideSolutionNode = FALSE
	EndGlobalSection
	GlobalSection(NestedProjects) = preSolution
		{075CA47C-CD9E-4403-BA0B-5A27819501C9} = {B762DCE2-C9EF-4F24-A328-BB6C51ECE390}
		{E951A32E-7E8C-4A2D-A929-54B635E4127B} = {04AF2719-36E3-49AE-80DE-12BAC33348AD}
		{4959D30C-693F-4889-819B-1B35EC6D1523} = {04AF2719-36E3-49AE-80DE-12BAC33348AD}
		{2358C2AE-DBC7-4F06-B553-63CE9833E061} = {C4870658-2238-4781-A0E8-054C5C43AE14}
		{581D6EDB-CB0E-4714-BBA0-CA2B67732EFF} = {5225075F-CDB5-4ECB-8BD9-FF3556E32903}
		{29238A00-D11B-469D-B2CD-4574E275EC9D} = {C4870658-2238-4781-A0E8-054C5C43AE14}
		{9C1B7420-C6EC-4CE7-9D8D-D95AC957F431} = {638F4C9C-2144-4BE2-A21C-192556FA54FF}
		{B185D520-25ED-4D44-844B-7383700834DA} = {5225075F-CDB5-4ECB-8BD9-FF3556E32903}
	EndGlobalSection
	GlobalSection(ExtensibilityGlobals) = postSolution
		SolutionGuid = {FA28C332-C1FA-43BF-90A1-775BD9DC2247}
	EndGlobalSection
EndGlobal
